# THIS IS AN AUTOGENERATED FILE. DO NOT EDIT THIS FILE DIRECTLY.
# yarn lockfile v1


"@esbuild/aix-ppc64@0.20.2":
  version "0.20.2"
  resolved "https://registry.npmjs.org/@esbuild/aix-ppc64/-/aix-ppc64-0.20.2.tgz#a70f4ac11c6a1dfc18b8bbb13284155d933b9537"
  integrity sha512-D+EBOJHXdNZcLJRBkhENNG8Wji2kgc9AZ9KiPr1JuZjsNtyHzrsfLRrY0tk2H2aoFu6RANO1y1iPPUCDYWkb5g==

"@esbuild/android-arm64@0.20.2":
  version "0.20.2"
  resolved "https://registry.npmjs.org/@esbuild/android-arm64/-/android-arm64-0.20.2.tgz#db1c9202a5bc92ea04c7b6840f1bbe09ebf9e6b9"
  integrity sha512-mRzjLacRtl/tWU0SvD8lUEwb61yP9cqQo6noDZP/O8VkwafSYwZ4yWy24kan8jE/IMERpYncRt2dw438LP3Xmg==

"@esbuild/android-arm@0.20.2":
  version "0.20.2"
  resolved "https://registry.npmjs.org/@esbuild/android-arm/-/android-arm-0.20.2.tgz#3b488c49aee9d491c2c8f98a909b785870d6e995"
  integrity sha512-t98Ra6pw2VaDhqNWO2Oph2LXbz/EJcnLmKLGBJwEwXX/JAN83Fym1rU8l0JUWK6HkIbWONCSSatf4sf2NBRx/w==

"@esbuild/android-x64@0.20.2":
  version "0.20.2"
  resolved "https://registry.npmjs.org/@esbuild/android-x64/-/android-x64-0.20.2.tgz#3b1628029e5576249d2b2d766696e50768449f98"
  integrity sha512-btzExgV+/lMGDDa194CcUQm53ncxzeBrWJcncOBxuC6ndBkKxnHdFJn86mCIgTELsooUmwUm9FkhSp5HYu00Rg==

"@esbuild/darwin-arm64@0.20.2":
  version "0.20.2"
  resolved "https://registry.npmjs.org/@esbuild/darwin-arm64/-/darwin-arm64-0.20.2.tgz#6e8517a045ddd86ae30c6608c8475ebc0c4000bb"
  integrity sha512-4J6IRT+10J3aJH3l1yzEg9y3wkTDgDk7TSDFX+wKFiWjqWp/iCfLIYzGyasx9l0SAFPT1HwSCR+0w/h1ES/MjA==

"@esbuild/darwin-x64@0.20.2":
  version "0.20.2"
  resolved "https://registry.npmjs.org/@esbuild/darwin-x64/-/darwin-x64-0.20.2.tgz#90ed098e1f9dd8a9381695b207e1cff45540a0d0"
  integrity sha512-tBcXp9KNphnNH0dfhv8KYkZhjc+H3XBkF5DKtswJblV7KlT9EI2+jeA8DgBjp908WEuYll6pF+UStUCfEpdysA==

"@esbuild/freebsd-arm64@0.20.2":
  version "0.20.2"
  resolved "https://registry.npmjs.org/@esbuild/freebsd-arm64/-/freebsd-arm64-0.20.2.tgz#d71502d1ee89a1130327e890364666c760a2a911"
  integrity sha512-d3qI41G4SuLiCGCFGUrKsSeTXyWG6yem1KcGZVS+3FYlYhtNoNgYrWcvkOoaqMhwXSMrZRl69ArHsGJ9mYdbbw==

"@esbuild/freebsd-x64@0.20.2":
  version "0.20.2"
  resolved "https://registry.npmjs.org/@esbuild/freebsd-x64/-/freebsd-x64-0.20.2.tgz#aa5ea58d9c1dd9af688b8b6f63ef0d3d60cea53c"
  integrity sha512-d+DipyvHRuqEeM5zDivKV1KuXn9WeRX6vqSqIDgwIfPQtwMP4jaDsQsDncjTDDsExT4lR/91OLjRo8bmC1e+Cw==

"@esbuild/linux-arm64@0.20.2":
  version "0.20.2"
  resolved "https://registry.npmjs.org/@esbuild/linux-arm64/-/linux-arm64-0.20.2.tgz#055b63725df678379b0f6db9d0fa85463755b2e5"
  integrity sha512-9pb6rBjGvTFNira2FLIWqDk/uaf42sSyLE8j1rnUpuzsODBq7FvpwHYZxQ/It/8b+QOS1RYfqgGFNLRI+qlq2A==

"@esbuild/linux-arm@0.20.2":
  version "0.20.2"
  resolved "https://registry.npmjs.org/@esbuild/linux-arm/-/linux-arm-0.20.2.tgz#76b3b98cb1f87936fbc37f073efabad49dcd889c"
  integrity sha512-VhLPeR8HTMPccbuWWcEUD1Az68TqaTYyj6nfE4QByZIQEQVWBB8vup8PpR7y1QHL3CpcF6xd5WVBU/+SBEvGTg==

"@esbuild/linux-ia32@0.20.2":
  version "0.20.2"
  resolved "https://registry.npmjs.org/@esbuild/linux-ia32/-/linux-ia32-0.20.2.tgz#c0e5e787c285264e5dfc7a79f04b8b4eefdad7fa"
  integrity sha512-o10utieEkNPFDZFQm9CoP7Tvb33UutoJqg3qKf1PWVeeJhJw0Q347PxMvBgVVFgouYLGIhFYG0UGdBumROyiig==

"@esbuild/linux-loong64@0.20.2":
  version "0.20.2"
  resolved "https://registry.npmjs.org/@esbuild/linux-loong64/-/linux-loong64-0.20.2.tgz#a6184e62bd7cdc63e0c0448b83801001653219c5"
  integrity sha512-PR7sp6R/UC4CFVomVINKJ80pMFlfDfMQMYynX7t1tNTeivQ6XdX5r2XovMmha/VjR1YN/HgHWsVcTRIMkymrgQ==

"@esbuild/linux-mips64el@0.20.2":
  version "0.20.2"
  resolved "https://registry.npmjs.org/@esbuild/linux-mips64el/-/linux-mips64el-0.20.2.tgz#d08e39ce86f45ef8fc88549d29c62b8acf5649aa"
  integrity sha512-4BlTqeutE/KnOiTG5Y6Sb/Hw6hsBOZapOVF6njAESHInhlQAghVVZL1ZpIctBOoTFbQyGW+LsVYZ8lSSB3wkjA==

"@esbuild/linux-ppc64@0.20.2":
  version "0.20.2"
  resolved "https://registry.npmjs.org/@esbuild/linux-ppc64/-/linux-ppc64-0.20.2.tgz#8d252f0b7756ffd6d1cbde5ea67ff8fd20437f20"
  integrity sha512-rD3KsaDprDcfajSKdn25ooz5J5/fWBylaaXkuotBDGnMnDP1Uv5DLAN/45qfnf3JDYyJv/ytGHQaziHUdyzaAg==

"@esbuild/linux-riscv64@0.20.2":
  version "0.20.2"
  resolved "https://registry.npmjs.org/@esbuild/linux-riscv64/-/linux-riscv64-0.20.2.tgz#19f6dcdb14409dae607f66ca1181dd4e9db81300"
  integrity sha512-snwmBKacKmwTMmhLlz/3aH1Q9T8v45bKYGE3j26TsaOVtjIag4wLfWSiZykXzXuE1kbCE+zJRmwp+ZbIHinnVg==

"@esbuild/linux-s390x@0.20.2":
  version "0.20.2"
  resolved "https://registry.npmjs.org/@esbuild/linux-s390x/-/linux-s390x-0.20.2.tgz#3c830c90f1a5d7dd1473d5595ea4ebb920988685"
  integrity sha512-wcWISOobRWNm3cezm5HOZcYz1sKoHLd8VL1dl309DiixxVFoFe/o8HnwuIwn6sXre88Nwj+VwZUvJf4AFxkyrQ==

"@esbuild/linux-x64@0.20.2":
  version "0.20.2"
  resolved "https://registry.npmjs.org/@esbuild/linux-x64/-/linux-x64-0.20.2.tgz#86eca35203afc0d9de0694c64ec0ab0a378f6fff"
  integrity sha512-1MdwI6OOTsfQfek8sLwgyjOXAu+wKhLEoaOLTjbijk6E2WONYpH9ZU2mNtR+lZ2B4uwr+usqGuVfFT9tMtGvGw==

"@esbuild/netbsd-x64@0.20.2":
  version "0.20.2"
  resolved "https://registry.npmjs.org/@esbuild/netbsd-x64/-/netbsd-x64-0.20.2.tgz#e771c8eb0e0f6e1877ffd4220036b98aed5915e6"
  integrity sha512-K8/DhBxcVQkzYc43yJXDSyjlFeHQJBiowJ0uVL6Tor3jGQfSGHNNJcWxNbOI8v5k82prYqzPuwkzHt3J1T1iZQ==

"@esbuild/openbsd-x64@0.20.2":
  version "0.20.2"
  resolved "https://registry.npmjs.org/@esbuild/openbsd-x64/-/openbsd-x64-0.20.2.tgz#9a795ae4b4e37e674f0f4d716f3e226dd7c39baf"
  integrity sha512-eMpKlV0SThJmmJgiVyN9jTPJ2VBPquf6Kt/nAoo6DgHAoN57K15ZghiHaMvqjCye/uU4X5u3YSMgVBI1h3vKrQ==

"@esbuild/sunos-x64@0.20.2":
  version "0.20.2"
  resolved "https://registry.npmjs.org/@esbuild/sunos-x64/-/sunos-x64-0.20.2.tgz#7df23b61a497b8ac189def6e25a95673caedb03f"
  integrity sha512-2UyFtRC6cXLyejf/YEld4Hajo7UHILetzE1vsRcGL3earZEW77JxrFjH4Ez2qaTiEfMgAXxfAZCm1fvM/G/o8w==

"@esbuild/win32-arm64@0.20.2":
  version "0.20.2"
  resolved "https://registry.npmjs.org/@esbuild/win32-arm64/-/win32-arm64-0.20.2.tgz#f1ae5abf9ca052ae11c1bc806fb4c0f519bacf90"
  integrity sha512-GRibxoawM9ZCnDxnP3usoUDO9vUkpAxIIZ6GQI+IlVmr5kP3zUq+l17xELTHMWTWzjxa2guPNyrpq1GWmPvcGQ==

"@esbuild/win32-ia32@0.20.2":
  version "0.20.2"
  resolved "https://registry.npmjs.org/@esbuild/win32-ia32/-/win32-ia32-0.20.2.tgz#241fe62c34d8e8461cd708277813e1d0ba55ce23"
  integrity sha512-HfLOfn9YWmkSKRQqovpnITazdtquEW8/SoHW7pWpuEeguaZI4QnCRW6b+oZTztdBnZOS2hqJ6im/D5cPzBTTlQ==

"@esbuild/win32-x64@0.20.2":
  version "0.20.2"
  resolved "https://registry.npmjs.org/@esbuild/win32-x64/-/win32-x64-0.20.2.tgz#9c907b21e30a52db959ba4f80bb01a0cc403d5cc"
  integrity sha512-N49X4lJX27+l9jbLKSqZ6bKNjzQvHaT8IIFUy+YIqmXQdjYCToGWwOItDrfby14c78aDd5NHQl29xingXfCdLQ==

"@nclslbrn/plot-writer@^0.0.2-a":
  version "0.0.2-a"
  resolved "https://registry.npmjs.org/@nclslbrn/plot-writer/-/plot-writer-0.0.2-a.tgz#c1efd808e058919c9e6d684ceb46190f1717de22"
  integrity sha512-BGvXaCgPFwS5RAG9UftXmbg0+X1Cxf/XlTzUa9QPTd1VwNb7nX5+ziuAlUNgBlanLNz/UBNXKaVhFlaEWNTMnA==

"@noble/hashes@^1.2.0":
  version "1.4.0"
  resolved "https://registry.npmjs.org/@noble/hashes/-/hashes-1.4.0.tgz#45814aa329f30e4fe0ba49426f49dfccdd066426"
  integrity sha512-V1JJ1WTRUqHHrOSh597hURcMqVKVGL/ea3kv0gSnEdsEZ0/+VyPghM1lMNGc00z7CIQorSvbKpuJkxvuHbvdbg==

"@rollup/rollup-android-arm-eabi@4.18.0":
  version "4.18.0"
  resolved "https://registry.npmjs.org/@rollup/rollup-android-arm-eabi/-/rollup-android-arm-eabi-4.18.0.tgz#bbd0e616b2078cd2d68afc9824d1fadb2f2ffd27"
  integrity sha512-Tya6xypR10giZV1XzxmH5wr25VcZSncG0pZIjfePT0OVBvqNEurzValetGNarVrGiq66EBVAFn15iYX4w6FKgQ==

"@rollup/rollup-android-arm64@4.18.0":
  version "4.18.0"
  resolved "https://registry.npmjs.org/@rollup/rollup-android-arm64/-/rollup-android-arm64-4.18.0.tgz#97255ef6384c5f73f4800c0de91f5f6518e21203"
  integrity sha512-avCea0RAP03lTsDhEyfy+hpfr85KfyTctMADqHVhLAF3MlIkq83CP8UfAHUssgXTYd+6er6PaAhx/QGv4L1EiA==

"@rollup/rollup-darwin-arm64@4.18.0":
  version "4.18.0"
  resolved "https://registry.npmjs.org/@rollup/rollup-darwin-arm64/-/rollup-darwin-arm64-4.18.0.tgz#b6dd74e117510dfe94541646067b0545b42ff096"
  integrity sha512-IWfdwU7KDSm07Ty0PuA/W2JYoZ4iTj3TUQjkVsO/6U+4I1jN5lcR71ZEvRh52sDOERdnNhhHU57UITXz5jC1/w==

"@rollup/rollup-darwin-x64@4.18.0":
  version "4.18.0"
  resolved "https://registry.npmjs.org/@rollup/rollup-darwin-x64/-/rollup-darwin-x64-4.18.0.tgz#e07d76de1cec987673e7f3d48ccb8e106d42c05c"
  integrity sha512-n2LMsUz7Ynu7DoQrSQkBf8iNrjOGyPLrdSg802vk6XT3FtsgX6JbE8IHRvposskFm9SNxzkLYGSq9QdpLYpRNA==

"@rollup/rollup-linux-arm-gnueabihf@4.18.0":
  version "4.18.0"
  resolved "https://registry.npmjs.org/@rollup/rollup-linux-arm-gnueabihf/-/rollup-linux-arm-gnueabihf-4.18.0.tgz#9f1a6d218b560c9d75185af4b8bb42f9f24736b8"
  integrity sha512-C/zbRYRXFjWvz9Z4haRxcTdnkPt1BtCkz+7RtBSuNmKzMzp3ZxdM28Mpccn6pt28/UWUCTXa+b0Mx1k3g6NOMA==

"@rollup/rollup-linux-arm-musleabihf@4.18.0":
  version "4.18.0"
  resolved "https://registry.npmjs.org/@rollup/rollup-linux-arm-musleabihf/-/rollup-linux-arm-musleabihf-4.18.0.tgz#53618b92e6ffb642c7b620e6e528446511330549"
  integrity sha512-l3m9ewPgjQSXrUMHg93vt0hYCGnrMOcUpTz6FLtbwljo2HluS4zTXFy2571YQbisTnfTKPZ01u/ukJdQTLGh9A==

"@rollup/rollup-linux-arm64-gnu@4.18.0":
  version "4.18.0"
  resolved "https://registry.npmjs.org/@rollup/rollup-linux-arm64-gnu/-/rollup-linux-arm64-gnu-4.18.0.tgz#99a7ba5e719d4f053761a698f7b52291cefba577"
  integrity sha512-rJ5D47d8WD7J+7STKdCUAgmQk49xuFrRi9pZkWoRD1UeSMakbcepWXPF8ycChBoAqs1pb2wzvbY6Q33WmN2ftw==

"@rollup/rollup-linux-arm64-musl@4.18.0":
  version "4.18.0"
  resolved "https://registry.npmjs.org/@rollup/rollup-linux-arm64-musl/-/rollup-linux-arm64-musl-4.18.0.tgz#f53db99a45d9bc00ce94db8a35efa7c3c144a58c"
  integrity sha512-be6Yx37b24ZwxQ+wOQXXLZqpq4jTckJhtGlWGZs68TgdKXJgw54lUUoFYrg6Zs/kjzAQwEwYbp8JxZVzZLRepQ==

"@rollup/rollup-linux-powerpc64le-gnu@4.18.0":
  version "4.18.0"
  resolved "https://registry.npmjs.org/@rollup/rollup-linux-powerpc64le-gnu/-/rollup-linux-powerpc64le-gnu-4.18.0.tgz#cbb0837408fe081ce3435cf3730e090febafc9bf"
  integrity sha512-hNVMQK+qrA9Todu9+wqrXOHxFiD5YmdEi3paj6vP02Kx1hjd2LLYR2eaN7DsEshg09+9uzWi2W18MJDlG0cxJA==

"@rollup/rollup-linux-riscv64-gnu@4.18.0":
  version "4.18.0"
  resolved "https://registry.npmjs.org/@rollup/rollup-linux-riscv64-gnu/-/rollup-linux-riscv64-gnu-4.18.0.tgz#8ed09c1d1262ada4c38d791a28ae0fea28b80cc9"
  integrity sha512-ROCM7i+m1NfdrsmvwSzoxp9HFtmKGHEqu5NNDiZWQtXLA8S5HBCkVvKAxJ8U+CVctHwV2Gb5VUaK7UAkzhDjlg==

"@rollup/rollup-linux-s390x-gnu@4.18.0":
  version "4.18.0"
  resolved "https://registry.npmjs.org/@rollup/rollup-linux-s390x-gnu/-/rollup-linux-s390x-gnu-4.18.0.tgz#938138d3c8e0c96f022252a28441dcfb17afd7ec"
  integrity sha512-0UyyRHyDN42QL+NbqevXIIUnKA47A+45WyasO+y2bGJ1mhQrfrtXUpTxCOrfxCR4esV3/RLYyucGVPiUsO8xjg==

"@rollup/rollup-linux-x64-gnu@4.18.0":
  version "4.18.0"
  resolved "https://registry.npmjs.org/@rollup/rollup-linux-x64-gnu/-/rollup-linux-x64-gnu-4.18.0.tgz#1a7481137a54740bee1ded4ae5752450f155d942"
  integrity sha512-xuglR2rBVHA5UsI8h8UbX4VJ470PtGCf5Vpswh7p2ukaqBGFTnsfzxUBetoWBWymHMxbIG0Cmx7Y9qDZzr648w==

"@rollup/rollup-linux-x64-musl@4.18.0":
  version "4.18.0"
  resolved "https://registry.npmjs.org/@rollup/rollup-linux-x64-musl/-/rollup-linux-x64-musl-4.18.0.tgz#f1186afc601ac4f4fc25fac4ca15ecbee3a1874d"
  integrity sha512-LKaqQL9osY/ir2geuLVvRRs+utWUNilzdE90TpyoX0eNqPzWjRm14oMEE+YLve4k/NAqCdPkGYDaDF5Sw+xBfg==

"@rollup/rollup-win32-arm64-msvc@4.18.0":
  version "4.18.0"
  resolved "https://registry.npmjs.org/@rollup/rollup-win32-arm64-msvc/-/rollup-win32-arm64-msvc-4.18.0.tgz#ed6603e93636a96203c6915be4117245c1bd2daf"
  integrity sha512-7J6TkZQFGo9qBKH0pk2cEVSRhJbL6MtfWxth7Y5YmZs57Pi+4x6c2dStAUvaQkHQLnEQv1jzBUW43GvZW8OFqA==

"@rollup/rollup-win32-ia32-msvc@4.18.0":
  version "4.18.0"
  resolved "https://registry.npmjs.org/@rollup/rollup-win32-ia32-msvc/-/rollup-win32-ia32-msvc-4.18.0.tgz#14e0b404b1c25ebe6157a15edb9c46959ba74c54"
  integrity sha512-Txjh+IxBPbkUB9+SXZMpv+b/vnTEtFyfWZgJ6iyCmt2tdx0OF5WhFowLmnh8ENGNpfUlUZkdI//4IEmhwPieNg==

"@rollup/rollup-win32-x64-msvc@4.18.0":
  version "4.18.0"
  resolved "https://registry.npmjs.org/@rollup/rollup-win32-x64-msvc/-/rollup-win32-x64-msvc-4.18.0.tgz#5d694d345ce36b6ecf657349e03eb87297e68da4"
  integrity sha512-UOo5FdvOL0+eIVTgS4tIdbW+TtnBLWg1YBCcU2KWM7nuNwRz9bksDX1bekJJCpu25N1DVWaCwnT39dVQxzqS8g==

"@thi.ng/api@^8.11.2":
  version "8.11.2"
  resolved "https://registry.npmjs.org/@thi.ng/api/-/api-8.11.2.tgz#12a6234d62fb37193ef6f9450d2e111d3c236c26"
  integrity sha512-5i00GGTZ2E0JXGdcCuQL9HvA8fIxgYdYog3aFku6zmLh5fJCxfZVNNay5LV87Ev5uj3iuaqz0vbl33JuZc6/iw==

"@thi.ng/arrays@^2.9.6":
  version "2.9.6"
  resolved "https://registry.npmjs.org/@thi.ng/arrays/-/arrays-2.9.6.tgz#dbc026d3d05ed7d820ee82de03232b3c0e843f8d"
  integrity sha512-/P4nDvUbvELQ4CdCtN0xzif5wi4ieM55zWKoLJq5FvZA3hLx8aTb60jTu4fW+AF9PsXtkxrckkrm1Wiq53xcjg==
  dependencies:
    "@thi.ng/api" "^8.11.2"
    "@thi.ng/checks" "^3.6.4"
    "@thi.ng/compare" "^2.3.5"
    "@thi.ng/equiv" "^2.1.58"
    "@thi.ng/errors" "^2.5.7"
    "@thi.ng/random" "^3.8.0"

"@thi.ng/associative@^6.3.60":
  version "6.3.60"
  resolved "https://registry.npmjs.org/@thi.ng/associative/-/associative-6.3.60.tgz#be83efe437e48b9c64937f6bd3e8f0e85c02f566"
  integrity sha512-vJF+Bfg+ZjkiooNSwC9KS+y76GKmGRrb9MpKjJxZxDB0qjf/mCkfyZarBjo+YM1ZdHXMr3UKbiU6AWekwW2EJw==
  dependencies:
    "@thi.ng/api" "^8.11.2"
    "@thi.ng/arrays" "^2.9.6"
    "@thi.ng/binary" "^3.4.25"
    "@thi.ng/checks" "^3.6.4"
    "@thi.ng/compare" "^2.3.5"
    "@thi.ng/dcons" "^3.2.113"
    "@thi.ng/equiv" "^2.1.58"
    "@thi.ng/errors" "^2.5.7"
    "@thi.ng/random" "^3.8.0"
    "@thi.ng/transducers" "^9.0.5"
    tslib "^2.6.2"

"@thi.ng/atom@^5.3.0":
  version "5.3.0"
  resolved "https://registry.npmjs.org/@thi.ng/atom/-/atom-5.3.0.tgz#a74c879bcb6fca596b69011f9e9ca7d280ea2e34"
  integrity sha512-U8y8KVAPpmcbc1pDWbI19b7zI+swulwHYui3XAXW9ge++f6bT39K1DMrx5ZRKkojW6OlOGBu0E2NdFy0NX6aTw==
  dependencies:
    "@thi.ng/api" "^8.11.2"
    "@thi.ng/equiv" "^2.1.58"
    "@thi.ng/errors" "^2.5.7"
    "@thi.ng/paths" "^5.1.81"
    tslib "^2.6.2"

"@thi.ng/binary@^3.4.25":
  version "3.4.25"
  resolved "https://registry.npmjs.org/@thi.ng/binary/-/binary-3.4.25.tgz#57cecd5aed513cd97877db30869a2cc53a9f22eb"
  integrity sha512-jEPRctbN/bBV2FlZ2t4SwEaMXtACKbt1ylZpaw4QmQ/ysjn1HjeR4hbdsAe9ErnFp4GN7SbLECqoK00QEH1uXQ==
  dependencies:
    "@thi.ng/api" "^8.11.2"

"@thi.ng/canvas@^0.2.19":
  version "0.2.19"
  resolved "https://registry.npmjs.org/@thi.ng/canvas/-/canvas-0.2.19.tgz#b7017f496a428729ca98012aab202b2003fb3324"
  integrity sha512-kr4D4kfHMeg2Z3w7BUH5wf6Vap76lltpZ14fnHRmLStN6OOLve8SNxG26RUxrsBlgKq22sX4vKjGKzLjtqh29w==

"@thi.ng/checks@^3.6.4":
  version "3.6.4"
  resolved "https://registry.npmjs.org/@thi.ng/checks/-/checks-3.6.4.tgz#b3a999afee06df07cb5b0452983e779f80e48253"
  integrity sha512-qZugzKHi6v1W6HenPnOmVWm8Tj2iT6to2X+jtkrpwCrzzp9cdN4zqcfpgWn6FcZUgD+Kl1Jvfu7REuiA0sfOCw==
  dependencies:
    tslib "^2.6.2"

"@thi.ng/color@^5.6.45":
  version "5.6.45"
  resolved "https://registry.npmjs.org/@thi.ng/color/-/color-5.6.45.tgz#bb1947e89e69327b83f43375ea0d8384935c3526"
  integrity sha512-+4fJLl3mV+7mUiwo5+LfgBY55G2aeD1MEvwBMiD7F0ZxU5cFr56Lt0TT+p3aj4CzX44kN33mf/ptq1XEJ8w6ZA==
  dependencies:
    "@thi.ng/api" "^8.11.2"
    "@thi.ng/arrays" "^2.9.6"
    "@thi.ng/binary" "^3.4.25"
    "@thi.ng/checks" "^3.6.4"
    "@thi.ng/compare" "^2.3.5"
    "@thi.ng/compose" "^3.0.4"
    "@thi.ng/defmulti" "^3.0.39"
    "@thi.ng/errors" "^2.5.7"
    "@thi.ng/math" "^5.10.13"
    "@thi.ng/random" "^3.8.0"
    "@thi.ng/strings" "^3.7.33"
    "@thi.ng/transducers" "^9.0.5"
    "@thi.ng/vectors" "^7.10.31"

"@thi.ng/compare@^2.3.5":
  version "2.3.5"
  resolved "https://registry.npmjs.org/@thi.ng/compare/-/compare-2.3.5.tgz#95d518522f70b820045f8c15d688ae2a6e7e5e5e"
  integrity sha512-BNNgjMIKWfmrZRBsCemsBlrEAJAQ5Z749UBXitj5nuffhb1zO3OdFrzIzHxqc+RgcNgcmZBYyDfc+DKN7IOcrw==
  dependencies:
    "@thi.ng/api" "^8.11.2"

"@thi.ng/compose@^3.0.4":
  version "3.0.4"
  resolved "https://registry.npmjs.org/@thi.ng/compose/-/compose-3.0.4.tgz#8c35b8ccf2442ba942eb9238be03abc1017c1f15"
  integrity sha512-azTtTzVl39bPm/va/45KrftvLHKetoAq82Cb+HAmqmMSXIyLMqeM2jQhRbcuZdZWD0+W0KC8Tiiu2CrRinOukA==
  dependencies:
    "@thi.ng/api" "^8.11.2"
    "@thi.ng/errors" "^2.5.7"

"@thi.ng/dcons@^3.2.113":
  version "3.2.113"
  resolved "https://registry.npmjs.org/@thi.ng/dcons/-/dcons-3.2.113.tgz#051d41b6c0c2827fd02fa907485ef8d93468c9f8"
  integrity sha512-vp3mzW2E7QM8Le0Kpl+JSF51ERMkHtFLkXiJyZa+3AxEVsSI7m/d80UEBn3jisHalkotIrLP775P4ZT7xQvKcw==
  dependencies:
    "@thi.ng/api" "^8.11.2"
    "@thi.ng/checks" "^3.6.4"
    "@thi.ng/compare" "^2.3.5"
    "@thi.ng/equiv" "^2.1.58"
    "@thi.ng/errors" "^2.5.7"
    "@thi.ng/random" "^3.8.0"
    "@thi.ng/transducers" "^9.0.5"

"@thi.ng/defmulti@^3.0.39":
  version "3.0.39"
  resolved "https://registry.npmjs.org/@thi.ng/defmulti/-/defmulti-3.0.39.tgz#6a852ebeb054cdaf211ba05602be08234245a3fe"
  integrity sha512-J2XCQziU7krUT2v/8dqMphDxBXCi7beJ3VdWKY8luR0QT9V3SOTkg668tpOm7EVhPPzH+Qgee4Xcn/x5ogoArg==
  dependencies:
    "@thi.ng/api" "^8.11.2"
    "@thi.ng/errors" "^2.5.7"
    "@thi.ng/logger" "^3.0.12"

"@thi.ng/distance@^2.4.73":
  version "2.4.73"
  resolved "https://registry.npmjs.org/@thi.ng/distance/-/distance-2.4.73.tgz#3c6442b446cedd4237a18d657afdcd6a13b70bd7"
  integrity sha512-B36o2eixy4P/FcWvFqY+2AgmIEHL8327TwwwRMYVoLY/H5IWRdqxamPyY04Id29+wgyKDFhIi779EboBmd0nBg==
  dependencies:
    "@thi.ng/api" "^8.11.2"
    "@thi.ng/checks" "^3.6.4"
    "@thi.ng/errors" "^2.5.7"
    "@thi.ng/heaps" "^2.1.74"
    "@thi.ng/math" "^5.10.13"
    "@thi.ng/vectors" "^7.10.31"

"@thi.ng/equiv@^2.1.58":
  version "2.1.58"
  resolved "https://registry.npmjs.org/@thi.ng/equiv/-/equiv-2.1.58.tgz#9e696a08e51a30dae323ee47b42ca740939dad29"
  integrity sha512-9qL+16bUJKKmQvB81M4GrZy/dKxq7XR2VZWjDuPBIdugCQyn/1/zV9uHVSVU45OIXIcq71fcZLR0IsBSM5yz6w==

"@thi.ng/errors@^2.5.7":
  version "2.5.7"
  resolved "https://registry.npmjs.org/@thi.ng/errors/-/errors-2.5.7.tgz#1f28dd373c14d00af995aa21d99fbc523f9333dc"
  integrity sha512-yha1STRQmkTWEFNMHpTlgXETjwyvZfyDZH6o2nfQ8rBMqco270h4BtOOXA+lFn0afXJAZ9iXmCKbPrlMlJvHuQ==

"@thi.ng/geom-api@^4.0.10":
  version "4.0.10"
  resolved "https://registry.npmjs.org/@thi.ng/geom-api/-/geom-api-4.0.10.tgz#f53d8235a53503be4360e4eb1533fee73ac1b17d"
  integrity sha512-mlH3oPSSvh+AXc6zbOokSoow5KVhoDZELxp8JTdP9O4morS/JROqREX5yxpIpjCKGlShb/wzVqHgq9NtL/bArg==
  dependencies:
    "@thi.ng/api" "^8.11.2"
    "@thi.ng/vectors" "^7.10.31"

"@thi.ng/geom-arc@^2.1.132":
  version "2.1.132"
  resolved "https://registry.npmjs.org/@thi.ng/geom-arc/-/geom-arc-2.1.132.tgz#cfed45789c1288488ebf8fc12bccda77c991acd6"
  integrity sha512-1dIxwPhs10LyHOWO/dsIAgixplQz7ekHcut0hBFlH+qcAspQk8fhY29pra4eCNIrAj8VMhAXV4KH6x9oQF1N5w==
  dependencies:
    "@thi.ng/checks" "^3.6.4"
    "@thi.ng/geom-api" "^4.0.10"
    "@thi.ng/geom-resample" "^2.3.53"
    "@thi.ng/math" "^5.10.13"
    "@thi.ng/vectors" "^7.10.31"

"@thi.ng/geom-clip-line@^2.3.89":
  version "2.3.89"
  resolved "https://registry.npmjs.org/@thi.ng/geom-clip-line/-/geom-clip-line-2.3.89.tgz#f564ce00c8335b84bb228eeae0ea9ab89c78f855"
  integrity sha512-M6poi8pymN3vKtFhfspZs1Cfh1OEIesTukfKezmwg1PjHtszdISXbAGNZJNrc5zuMkbS5KMInncygKTkPERyHg==
  dependencies:
    "@thi.ng/api" "^8.11.2"
    "@thi.ng/geom-isec" "^3.1.0"
    "@thi.ng/vectors" "^7.10.31"

"@thi.ng/geom-clip-poly@^2.1.131":
  version "2.1.131"
  resolved "https://registry.npmjs.org/@thi.ng/geom-clip-poly/-/geom-clip-poly-2.1.131.tgz#740d0fed79412d1c9328e668b8b9bae852b56d51"
  integrity sha512-Ik16ry1ytpSAZiPDj5A9Z9XnopkBT/+R+dfwWrWYThbPVtNZVgEWwZpxMZtqX4V2YXwz1K3FN5ISnOmx3Md+qg==
  dependencies:
    "@thi.ng/geom-isec" "^3.1.0"
    "@thi.ng/geom-poly-utils" "^2.4.0"
    "@thi.ng/math" "^5.10.13"
    "@thi.ng/vectors" "^7.10.31"

"@thi.ng/geom-closest-point@^2.1.127":
  version "2.1.127"
  resolved "https://registry.npmjs.org/@thi.ng/geom-closest-point/-/geom-closest-point-2.1.127.tgz#2ce96ea8c56d4698144c81083cb9d843bb26e8f1"
  integrity sha512-DFzpD1400tEqHcoO02Bah5o7SdzgnPPUs7ZcLP/KK86IrkvUCgiCQKlpjgfbyTNG2bG4QqUmORUebxUnQONucg==
  dependencies:
    "@thi.ng/api" "^8.11.2"
    "@thi.ng/math" "^5.10.13"
    "@thi.ng/vectors" "^7.10.31"

"@thi.ng/geom-hull@^2.1.127":
  version "2.1.127"
  resolved "https://registry.npmjs.org/@thi.ng/geom-hull/-/geom-hull-2.1.127.tgz#f49b3a3347a10a543a20ab0fc4cb2e863120346b"
  integrity sha512-0XZNSLu9Ze6aXGJ026Axf8RNzqt9gEaY++VOHc74ZQ6UFbXYATDU+QQHEbj3T2faUtL3Rk8RQyVunqrM70S3KQ==
  dependencies:
    "@thi.ng/math" "^5.10.13"
    "@thi.ng/vectors" "^7.10.31"

"@thi.ng/geom-isec@^3.1.0":
  version "3.1.0"
  resolved "https://registry.npmjs.org/@thi.ng/geom-isec/-/geom-isec-3.1.0.tgz#0a39b46def04cbddb885e3d3e5416fccc3e14d89"
  integrity sha512-GVKezSEsVfMh0zqdLfMMRGyQIhLcM3N++Wbzlnt/JVUDwWtYBwkqN2KmT5d63DSYIN80AkyR4OwN/Od6ZKovJQ==
  dependencies:
    "@thi.ng/api" "^8.11.2"
    "@thi.ng/geom-api" "^4.0.10"
    "@thi.ng/geom-closest-point" "^2.1.127"
    "@thi.ng/math" "^5.10.13"
    "@thi.ng/vectors" "^7.10.31"

"@thi.ng/geom-isoline@^2.1.127":
  version "2.1.127"
  resolved "https://registry.npmjs.org/@thi.ng/geom-isoline/-/geom-isoline-2.1.127.tgz#9e7614417d81debe8d5b053fa3ed84e0c2fce231"
  integrity sha512-Z+5YWNcRe4DsMdZ8O5C0dJFX9HwtN2hZIOItW+B/DUguXj98kkE/Dv27LXzhl+fo9D9vt40WHlCZ5BHUdRb2xA==
  dependencies:
    "@thi.ng/api" "^8.11.2"
    "@thi.ng/transducers" "^9.0.5"
    "@thi.ng/vectors" "^7.10.31"

"@thi.ng/geom-poly-utils@^2.4.0":
  version "2.4.0"
  resolved "https://registry.npmjs.org/@thi.ng/geom-poly-utils/-/geom-poly-utils-2.4.0.tgz#220c47062d78270ada8c8d796702219d004c9bfa"
  integrity sha512-Md7j4QcbSWf2/rPTUSbLtgcMkpOpxy0uqX6dhhar/vaVVmJGmqw0y0MclwQJsTv4jPCajZe4GgkGwSwlYzaFRg==
  dependencies:
    "@thi.ng/api" "^8.11.2"
    "@thi.ng/errors" "^2.5.7"
    "@thi.ng/geom-api" "^4.0.10"
    "@thi.ng/math" "^5.10.13"
    "@thi.ng/vectors" "^7.10.31"

"@thi.ng/geom-resample@^2.3.53":
  version "2.3.53"
  resolved "https://registry.npmjs.org/@thi.ng/geom-resample/-/geom-resample-2.3.53.tgz#426a6e30b7466c8faafa14ff84a0c78de6bfbd15"
  integrity sha512-3erSIDkehKKBgqxxkzTc03ezhCNWuAOfFTufytaNMRGQobTRWuYTy0epxCi5zWJaJqLmf0o8VI8vkNf0cYcfxw==
  dependencies:
    "@thi.ng/api" "^8.11.2"
    "@thi.ng/checks" "^3.6.4"
    "@thi.ng/geom-api" "^4.0.10"
    "@thi.ng/geom-closest-point" "^2.1.127"
    "@thi.ng/geom-isec" "^3.1.0"
    "@thi.ng/math" "^5.10.13"
    "@thi.ng/vectors" "^7.10.31"

"@thi.ng/geom-sdf@^0.4.1":
  version "0.4.1"
  resolved "https://registry.npmjs.org/@thi.ng/geom-sdf/-/geom-sdf-0.4.1.tgz#befc658a2fc6ead162f9cb06ae6aca1371ac5778"
  integrity sha512-J+okBWUda7tqCVenxS3+nNImMabOZMKRqxWmJZ7v8JvDKnlkGI756uaCbESGaKyN0QFF2coshryDHTSWHjF4RA==
  dependencies:
    "@thi.ng/api" "^8.11.2"
    "@thi.ng/checks" "^3.6.4"
    "@thi.ng/defmulti" "^3.0.39"
    "@thi.ng/errors" "^2.5.7"
    "@thi.ng/geom" "^7.0.1"
    "@thi.ng/geom-api" "^4.0.10"
    "@thi.ng/geom-isoline" "^2.1.127"
    "@thi.ng/geom-poly-utils" "^2.4.0"
    "@thi.ng/geom-resample" "^2.3.53"
    "@thi.ng/math" "^5.10.13"
    "@thi.ng/transducers" "^9.0.5"
    "@thi.ng/vectors" "^7.10.31"

"@thi.ng/geom-splines@^2.2.106":
  version "2.2.106"
  resolved "https://registry.npmjs.org/@thi.ng/geom-splines/-/geom-splines-2.2.106.tgz#fea25dc4a68c9e6be618ce8a06b6ece65979ba23"
  integrity sha512-9gzWr/u9CNKK2wVjTxv4k9TMaS+0opoo9EnW6m59xon+WavI7m1KZTP7vjv6qdYNaeD8/OQ/XVA45tR42AAEYA==
  dependencies:
    "@thi.ng/api" "^8.11.2"
    "@thi.ng/checks" "^3.6.4"
    "@thi.ng/geom-api" "^4.0.10"
    "@thi.ng/geom-arc" "^2.1.132"
    "@thi.ng/geom-resample" "^2.3.53"
    "@thi.ng/math" "^5.10.13"
    "@thi.ng/vectors" "^7.10.31"

"@thi.ng/geom-subdiv-curve@^2.1.131":
  version "2.1.131"
  resolved "https://registry.npmjs.org/@thi.ng/geom-subdiv-curve/-/geom-subdiv-curve-2.1.131.tgz#500deb9f185e861df857e4cc6f5bbe42d99b6dc6"
  integrity sha512-3UHh+1j9b8PPBz4b6wT6/pe+lsKLUFVpugWSmNzCrzfhKPbXlaXqiukcw3GXLKMn+6lkacepWgu5fyUULtaKDg==
  dependencies:
    "@thi.ng/api" "^8.11.2"
    "@thi.ng/geom-api" "^4.0.10"
    "@thi.ng/transducers" "^9.0.5"
    "@thi.ng/vectors" "^7.10.31"

"@thi.ng/geom-tessellate@^2.1.132":
  version "2.1.132"
  resolved "https://registry.npmjs.org/@thi.ng/geom-tessellate/-/geom-tessellate-2.1.132.tgz#81cc3bd5ee347cbe8219b9eca6aa8822b634e987"
  integrity sha512-1r/zgJZcy1BaNFaKPkDtUt0Z8OYpEB2n3nctsX1M8IXpkVGvwhysiMk40TgEgQaFzRBxyZASCJFye4rPMo/GdA==
  dependencies:
    "@thi.ng/checks" "^3.6.4"
    "@thi.ng/geom-api" "^4.0.10"
    "@thi.ng/geom-isec" "^3.1.0"
    "@thi.ng/geom-poly-utils" "^2.4.0"
    "@thi.ng/transducers" "^9.0.5"
    "@thi.ng/vectors" "^7.10.31"

"@thi.ng/geom@^7.0.1":
  version "7.0.1"
  resolved "https://registry.npmjs.org/@thi.ng/geom/-/geom-7.0.1.tgz#52ad0645c0fc55f9a096f627654597221b1c4916"
  integrity sha512-3uO8JacccSI69illarDntozLYyBbrSxcNMrSWJRkNcok4tdOfNQU/s5++4g41Jm0IBzdYZIGkcfbylZ4QLXZpg==
  dependencies:
    "@thi.ng/api" "^8.11.2"
    "@thi.ng/arrays" "^2.9.6"
    "@thi.ng/associative" "^6.3.60"
    "@thi.ng/checks" "^3.6.4"
    "@thi.ng/defmulti" "^3.0.39"
    "@thi.ng/equiv" "^2.1.58"
    "@thi.ng/errors" "^2.5.7"
    "@thi.ng/geom-api" "^4.0.10"
    "@thi.ng/geom-arc" "^2.1.132"
    "@thi.ng/geom-clip-line" "^2.3.89"
    "@thi.ng/geom-clip-poly" "^2.1.131"
    "@thi.ng/geom-closest-point" "^2.1.127"
    "@thi.ng/geom-hull" "^2.1.127"
    "@thi.ng/geom-isec" "^3.1.0"
    "@thi.ng/geom-poly-utils" "^2.4.0"
    "@thi.ng/geom-resample" "^2.3.53"
    "@thi.ng/geom-splines" "^2.2.106"
    "@thi.ng/geom-subdiv-curve" "^2.1.131"
    "@thi.ng/geom-tessellate" "^2.1.132"
    "@thi.ng/hiccup" "^5.2.1"
    "@thi.ng/hiccup-svg" "^5.2.37"
    "@thi.ng/math" "^5.10.13"
    "@thi.ng/matrices" "^2.3.37"
    "@thi.ng/random" "^3.8.0"
    "@thi.ng/strings" "^3.7.33"
    "@thi.ng/transducers" "^9.0.5"
    "@thi.ng/vectors" "^7.10.31"

"@thi.ng/heaps@^2.1.74":
  version "2.1.74"
  resolved "https://registry.npmjs.org/@thi.ng/heaps/-/heaps-2.1.74.tgz#3b2d1baebb4d2b52e6fc84c10047ce6c3ab46f45"
  integrity sha512-il+kh/rIfH2i4G3PT553HyT1pvnnMBe5QUZssW+XCWChpg/sBmBXhKeeL6VP2uWPUVpqQJ7m292H6cJNK30b2w==
  dependencies:
    "@thi.ng/api" "^8.11.2"
    "@thi.ng/compare" "^2.3.5"
    "@thi.ng/equiv" "^2.1.58"

"@thi.ng/hex@^2.3.46":
  version "2.3.46"
  resolved "https://registry.npmjs.org/@thi.ng/hex/-/hex-2.3.46.tgz#832e4e845d0f2779a1992a87d587a1a431c5a638"
  integrity sha512-N4tLG+AEmmG55xiOSKn8AMz2jwJMtBHRuZDHu2HkJQqXe9kwthGlkga4hYs46ULqObidU0ZArkaxGhILYcJfHg==

"@thi.ng/hiccup-canvas@^3.0.1":
  version "3.0.1"
  resolved "https://registry.npmjs.org/@thi.ng/hiccup-canvas/-/hiccup-canvas-3.0.1.tgz#7b215f81b88299e583c505188c6c4cabe3fb22b1"
  integrity sha512-eruXgB237Q78YCcX72lMWd2/3vfwHHIYViSX3aK6pcviBv9nvRsEZGN+q3Yl+Ac32ycTx0+t2/nWzFPCEno2mQ==
  dependencies:
    "@thi.ng/api" "^8.11.2"
    "@thi.ng/checks" "^3.6.4"
    "@thi.ng/color" "^5.6.45"
    "@thi.ng/geom-arc" "^2.1.132"
    "@thi.ng/math" "^5.10.13"
    "@thi.ng/pixel" "^6.1.32"
    "@thi.ng/vectors" "^7.10.31"

"@thi.ng/hiccup-html@^2.6.3":
  version "2.6.3"
  resolved "https://registry.npmjs.org/@thi.ng/hiccup-html/-/hiccup-html-2.6.3.tgz#86478045f9b3d74c266271c3261976741fe074d8"
  integrity sha512-2lEipK6INsMDDmJXHq3iN/+NY91c7i8VwXug3Cczb+H7DihuoRZFrHasKbmCbiNpDseRN9uNScTz+0y8yqLeKw==
  dependencies:
    "@thi.ng/api" "^8.11.2"

"@thi.ng/hiccup-svg@^5.2.37":
  version "5.2.37"
  resolved "https://registry.npmjs.org/@thi.ng/hiccup-svg/-/hiccup-svg-5.2.37.tgz#ba993995ed6411182e92dbbfcae664e76afb4c1c"
  integrity sha512-JwyJu5WAN0hzBSUioLzlZkWQZUMcmLU39npVnIevCrgU6jSaTH+cQX9pMJxMUUHar/xWLP/cbc9RADFRRP/GCA==
  dependencies:
    "@thi.ng/api" "^8.11.2"
    "@thi.ng/checks" "^3.6.4"
    "@thi.ng/color" "^5.6.45"
    "@thi.ng/prefixes" "^2.3.19"

"@thi.ng/hiccup@^5.2.1":
  version "5.2.1"
  resolved "https://registry.npmjs.org/@thi.ng/hiccup/-/hiccup-5.2.1.tgz#6837271281023c2329b50593d5a305f34e7ec033"
  integrity sha512-u9pYgPm2j4cf7BxyR6nBrv+5WTh/2J5SWUBRKesAKIpVwTuuyTHzA46X7p+IeCOgRFzMjdmyfgeWTroqLGboXQ==
  dependencies:
    "@thi.ng/api" "^8.11.2"
    "@thi.ng/checks" "^3.6.4"
    "@thi.ng/errors" "^2.5.7"
    "@thi.ng/strings" "^3.7.33"

"@thi.ng/k-means@^0.6.88":
  version "0.6.88"
  resolved "https://registry.npmjs.org/@thi.ng/k-means/-/k-means-0.6.88.tgz#75b06fc61632f008fd0f532b3c977e5f93e4749c"
  integrity sha512-INO9vjYrWB5bNfFz4MKyvg3KykRbcD2IKojqXZYamda5K0LTZdzJBaJ7RBRT6Fw91pflDyPptk4PTC9jxtMiAA==
  dependencies:
    "@thi.ng/api" "^8.11.2"
    "@thi.ng/distance" "^2.4.73"
    "@thi.ng/errors" "^2.5.7"
    "@thi.ng/random" "^3.8.0"
    "@thi.ng/vectors" "^7.10.31"

"@thi.ng/logger@^3.0.12":
  version "3.0.12"
  resolved "https://registry.npmjs.org/@thi.ng/logger/-/logger-3.0.12.tgz#818a8f4049bd308250f52f5581d1b0220e12d58d"
  integrity sha512-JLWrLuH8eFZJaG/EdrYxblid/qFUZZENfPpfkP/zBEbUzM/LgpFiGb9OWEuTsavEMltlD5MBCXkKvpHIzAob/Q==

"@thi.ng/math@^5.10.13":
  version "5.10.13"
  resolved "https://registry.npmjs.org/@thi.ng/math/-/math-5.10.13.tgz#ca837f3fef2d1b21af2b567c73bfa2d5c87efd82"
  integrity sha512-EoTRi+D7NzxEuQRx/5FLlswUP/3jxpHDcps5lz2wMBHh7gVqo4EaNv1q74+cPqFraqYb3gGXTnP6MAcsoN7OTA==
  dependencies:
    "@thi.ng/api" "^8.11.2"

"@thi.ng/matrices@^2.3.37":
  version "2.3.37"
  resolved "https://registry.npmjs.org/@thi.ng/matrices/-/matrices-2.3.37.tgz#52327f1598ab67110700e84ef0e2e25d68e7f331"
  integrity sha512-AQ2i2/Mrk82HvG632R+cAzmSxMVPhisdWMHGd7/+QtuHPH98eh3/IlovQ5oHqL3EYY66jUTH5OcEFfnKn9TQLw==
  dependencies:
    "@thi.ng/api" "^8.11.2"
    "@thi.ng/checks" "^3.6.4"
    "@thi.ng/math" "^5.10.13"
    "@thi.ng/vectors" "^7.10.31"

"@thi.ng/memoize@^3.3.4":
  version "3.3.4"
  resolved "https://registry.npmjs.org/@thi.ng/memoize/-/memoize-3.3.4.tgz#df53695e29806685e0e40260b5846ec78fdfef3e"
  integrity sha512-2CAnVMAZ2Oyz9n8vJWIe5tbF5KBWAn33W9oB2DhFLjkDE0LGzZbVGlPmmJ8BDXEl454F2Qyk/Gk+OVChxq82bw==
  dependencies:
    "@thi.ng/api" "^8.11.2"

"@thi.ng/paths@^5.1.81":
  version "5.1.81"
  resolved "https://registry.npmjs.org/@thi.ng/paths/-/paths-5.1.81.tgz#95e1d074a5f91d79777ed5d3ddd3a6b217150a53"
  integrity sha512-rZeIQWFzcs5o1mGKv1U2/Mq7zOLK4daZoNAyRueFLADvVkQmlwjtFbvfuZK9AKX2dcDEjhjeLMa0ekFa97ZM6Q==
  dependencies:
    "@thi.ng/api" "^8.11.2"
    "@thi.ng/checks" "^3.6.4"
    "@thi.ng/errors" "^2.5.7"

"@thi.ng/pixel@^6.1.32":
  version "6.1.32"
  resolved "https://registry.npmjs.org/@thi.ng/pixel/-/pixel-6.1.32.tgz#a688ba6b1e8575234201780999d9d74a583f779b"
  integrity sha512-HIyw2uoeDJ34j7dV2AQMNuQQTPqea577qn8Jo3+DkBMP7K5FoDzCrG+y+sZAPTN8DKRukYuvxDvgXtT7hf+sew==
  dependencies:
    "@thi.ng/api" "^8.11.2"
    "@thi.ng/binary" "^3.4.25"
    "@thi.ng/canvas" "^0.2.19"
    "@thi.ng/checks" "^3.6.4"
    "@thi.ng/distance" "^2.4.73"
    "@thi.ng/errors" "^2.5.7"
    "@thi.ng/k-means" "^0.6.88"
    "@thi.ng/math" "^5.10.13"
    "@thi.ng/porter-duff" "^2.1.79"

"@thi.ng/porter-duff@^2.1.79":
  version "2.1.79"
  resolved "https://registry.npmjs.org/@thi.ng/porter-duff/-/porter-duff-2.1.79.tgz#d0ed94be5d49bb827b0e883a1f2bcb73b95980b9"
  integrity sha512-g7kZinBcWI20sfrb6tz/x6gpzolTDP1HBPx494vzzjipEUJrCiHYk8WGjD+3uG+2bIKWiI8+Yxw5j1Ht0BDERQ==
  dependencies:
    "@thi.ng/api" "^8.11.2"
    "@thi.ng/math" "^5.10.13"

"@thi.ng/prefixes@^2.3.19":
  version "2.3.19"
  resolved "https://registry.npmjs.org/@thi.ng/prefixes/-/prefixes-2.3.19.tgz#6734f8a2a0253384df9435e59e85c6a50f89722f"
  integrity sha512-VVki+xo2Hux8FpllPE/PrB1XT4NamJDAHH/I1Rp16nqODNTGxPFr+MuSj3vPmC/JtzPjNzAviLW4WFCgERbTAw==

"@thi.ng/random@^3.8.0":
  version "3.8.0"
  resolved "https://registry.npmjs.org/@thi.ng/random/-/random-3.8.0.tgz#a8403da3a338f1c778173c0fed76800c6919aa68"
  integrity sha512-B8dK0vRCfY7O8vGJpjAjax4j8ruuhroPK6qDkcydDegTq0phEAjWoPVkkwE4Jp4KxPfQkz00/3FhyAUdfXurtg==
  dependencies:
    "@thi.ng/api" "^8.11.2"
    "@thi.ng/checks" "^3.6.4"
    "@thi.ng/errors" "^2.5.7"
    "@thi.ng/hex" "^2.3.46"

"@thi.ng/rdom@^1.4.0":
  version "1.4.0"
  resolved "https://registry.npmjs.org/@thi.ng/rdom/-/rdom-1.4.0.tgz#c23e599e203cb50da1ac1ca9855ba23b7a6517fb"
  integrity sha512-O5g+YiHFMUKx1zm8n+pJZYZCcalqpT+MHBVOPCqPzUgYFCQ4GYzoDMj1BIdZUUjOrUfTH9VGM728CM47CLhJ4Q==
  dependencies:
    "@thi.ng/api" "^8.11.2"
    "@thi.ng/checks" "^3.6.4"
    "@thi.ng/errors" "^2.5.7"
    "@thi.ng/hiccup" "^5.2.1"
    "@thi.ng/paths" "^5.1.81"
    "@thi.ng/prefixes" "^2.3.19"
    "@thi.ng/rstream" "^8.5.0"
    "@thi.ng/strings" "^3.7.33"

"@thi.ng/rstream@^8.5.0":
  version "8.5.0"
  resolved "https://registry.npmjs.org/@thi.ng/rstream/-/rstream-8.5.0.tgz#425d808c98e8b2a83c26c364a0d8cba1b4dc340d"
  integrity sha512-DXi6Z9wXbW63Tw6BaSt9pxqZDaIl++KIaElQkdZy6t9Jd3zijPiDAQ3xUff07EegnI16ieNx9SLTBd8jIxjh3w==
  dependencies:
    "@thi.ng/api" "^8.11.2"
    "@thi.ng/arrays" "^2.9.6"
    "@thi.ng/associative" "^6.3.60"
    "@thi.ng/atom" "^5.3.0"
    "@thi.ng/checks" "^3.6.4"
    "@thi.ng/errors" "^2.5.7"
    "@thi.ng/logger" "^3.0.12"
    "@thi.ng/transducers" "^9.0.5"

"@thi.ng/strings@^3.7.33":
  version "3.7.33"
  resolved "https://registry.npmjs.org/@thi.ng/strings/-/strings-3.7.33.tgz#f87b96e5201583ae32b39ac1fe0542441a0550a7"
  integrity sha512-eKk06B9fKUEx5Sf1HCDwXNUTaQo3/nE5R2gujVBiQOIhXfoT15I2jO6CXKJ6zLnbY1ZnH3xkmLRv4qTTrVNaSg==
  dependencies:
    "@thi.ng/api" "^8.11.2"
    "@thi.ng/errors" "^2.5.7"
    "@thi.ng/hex" "^2.3.46"
    "@thi.ng/memoize" "^3.3.4"

"@thi.ng/transducers@^9.0.5":
  version "9.0.5"
  resolved "https://registry.npmjs.org/@thi.ng/transducers/-/transducers-9.0.5.tgz#9d54648ec1ff86ed2a0c12c6c7a0a2d914d87ba4"
  integrity sha512-qUrIBKijNMcY7iFjAHD6wOqq3vP1dAomf9ZeXZnMZ+luJFxJrdp7KsAUx43ucvpJuJDUf0EpFKGHipuZtkvFlw==
  dependencies:
    "@thi.ng/api" "^8.11.2"
    "@thi.ng/arrays" "^2.9.6"
    "@thi.ng/checks" "^3.6.4"
    "@thi.ng/compare" "^2.3.5"
    "@thi.ng/compose" "^3.0.4"
    "@thi.ng/errors" "^2.5.7"
    "@thi.ng/math" "^5.10.13"
    "@thi.ng/random" "^3.8.0"

"@thi.ng/vectors@^7.10.31":
  version "7.10.31"
  resolved "https://registry.npmjs.org/@thi.ng/vectors/-/vectors-7.10.31.tgz#16130def8dc0e72c51fd717beb67ddf8ccf577c2"
  integrity sha512-mjBLtqr6j2YqzaM48+5mzJ5SMKpWIfOpANKhjMVzIn48hKRkeMRIcNFcm9kICitWm3AnVvFYuuOR6cnsBGbzwg==
  dependencies:
    "@thi.ng/api" "^8.11.2"
    "@thi.ng/binary" "^3.4.25"
    "@thi.ng/checks" "^3.6.4"
    "@thi.ng/equiv" "^2.1.58"
    "@thi.ng/errors" "^2.5.7"
    "@thi.ng/math" "^5.10.13"
    "@thi.ng/memoize" "^3.3.4"
    "@thi.ng/random" "^3.8.0"
    "@thi.ng/strings" "^3.7.33"
    "@thi.ng/transducers" "^9.0.5"

"@types/@nclslbrn/plot-writer":
  version "0.0.2-a"
  resolved "https://codeload.github.com/nclslbrn/plot-writer/tar.gz/779b19ea79e1e05afe586ac059c775033c3b4e54"

"@types/estree@1.0.5":
  version "1.0.5"
  resolved "https://registry.npmjs.org/@types/estree/-/estree-1.0.5.tgz#a6ce3e556e00fd9895dd872dd172ad0d4bd687f4"
  integrity sha512-/kYRxGDLWzHOB7q+wtSUQlFrtcdUccpfy+X+9iMBpHK8QLLhx2wIPYuS5DYtR9Wa/YlZAbIovy7qVdB1Aq6Lyw==

bip39@^3.0.2:
  version "3.1.0"
  resolved "https://registry.npmjs.org/bip39/-/bip39-3.1.0.tgz#c55a418deaf48826a6ceb34ac55b3ee1577e18a3"
  integrity sha512-c9kiwdk45Do5GL0vJMe7tS95VjCii65mYAH7DfWl3uW8AVzXKQVUm64i3hzVybBDMp9r7j9iNxR85+ul8MdN/A==
  dependencies:
    "@noble/hashes" "^1.2.0"

esbuild@^0.20.1:
  version "0.20.2"
  resolved "https://registry.npmjs.org/esbuild/-/esbuild-0.20.2.tgz#9d6b2386561766ee6b5a55196c6d766d28c87ea1"
  integrity sha512-WdOOppmUNU+IbZ0PaDiTst80zjnrOkyJNHoKupIcVyU8Lvla3Ugx94VzkQ32Ijqd7UhHJy75gNWDMUekcrSJ6g==
  optionalDependencies:
    "@esbuild/aix-ppc64" "0.20.2"
    "@esbuild/android-arm" "0.20.2"
    "@esbuild/android-arm64" "0.20.2"
    "@esbuild/android-x64" "0.20.2"
    "@esbuild/darwin-arm64" "0.20.2"
    "@esbuild/darwin-x64" "0.20.2"
    "@esbuild/freebsd-arm64" "0.20.2"
    "@esbuild/freebsd-x64" "0.20.2"
    "@esbuild/linux-arm" "0.20.2"
    "@esbuild/linux-arm64" "0.20.2"
    "@esbuild/linux-ia32" "0.20.2"
    "@esbuild/linux-loong64" "0.20.2"
    "@esbuild/linux-mips64el" "0.20.2"
    "@esbuild/linux-ppc64" "0.20.2"
    "@esbuild/linux-riscv64" "0.20.2"
    "@esbuild/linux-s390x" "0.20.2"
    "@esbuild/linux-x64" "0.20.2"
    "@esbuild/netbsd-x64" "0.20.2"
    "@esbuild/openbsd-x64" "0.20.2"
    "@esbuild/sunos-x64" "0.20.2"
    "@esbuild/win32-arm64" "0.20.2"
    "@esbuild/win32-ia32" "0.20.2"
    "@esbuild/win32-x64" "0.20.2"

esm@^3.2.25:
  version "3.2.25"
  resolved "https://registry.npmjs.org/esm/-/esm-3.2.25.tgz#342c18c29d56157688ba5ce31f8431fbb795cc10"
  integrity sha512-U1suiZ2oDVWv4zPO56S0NcR5QriEahGtdN2OR6FiOG4WJvcjBVFB0qI4+eKoWFH483PKGuLuu6V8Z4T5g63UVA==

fsevents@~2.3.2, fsevents@~2.3.3:
  version "2.3.3"
  resolved "https://registry.npmjs.org/fsevents/-/fsevents-2.3.3.tgz#cac6407785d03675a2a5e1a5305c697b347d90d6"
  integrity sha512-5xoDfX+fL7faATnagmWPpbFtwh/R77WmMMqqHGS65C3vvB0YHrgF+B1YmZ3441tMj5n63k0212XNoJwzlhffQw==

mnemonics@^1.1.3:
  version "1.1.3"
  resolved "https://registry.npmjs.org/mnemonics/-/mnemonics-1.1.3.tgz#f8c46d297a3d3c7b5d9e0c3c6d1f9fbc82b74469"
  integrity sha512-yD3XB99L3RGYGcIj8RvFA3Q579Rt8jDNsL548lPyoQfm3nyluy/Ycbn8mu+KtI85pnxrDmTtwRIanPS+rihWWg==
  dependencies:
    bip39 "^3.0.2"
    esm "^3.2.25"

nanoid@^3.3.7:
  version "3.3.7"
  resolved "https://registry.npmjs.org/nanoid/-/nanoid-3.3.7.tgz#d0c301a691bc8d54efa0a2226ccf3fe2fd656bd8"
  integrity sha512-eSRppjcPIatRIMC1U6UngP8XFcz8MQWGQdt1MTBQ7NaAmvXDfvNxbvWV3x2y6CdEUciCSsDHDQZbhYaB8QEo2g==

picocolors@^1.0.0:
  version "1.0.1"
  resolved "https://registry.npmjs.org/picocolors/-/picocolors-1.0.1.tgz#a8ad579b571952f0e5d25892de5445bcfe25aaa1"
  integrity sha512-anP1Z8qwhkbmu7MFP5iTt+wQKXgwzf7zTyGlcdzabySa9vd0Xt392U0rVmz9poOaBj0uHJKyyo9/upk0HrEQew==

postcss@^8.4.38:
  version "8.4.38"
  resolved "https://registry.npmjs.org/postcss/-/postcss-8.4.38.tgz#b387d533baf2054288e337066d81c6bee9db9e0e"
  integrity sha512-Wglpdk03BSfXkHoQa3b/oulrotAkwrlLDRSOb9D0bN86FdRyE9lppSp33aHNPgBa0JKCoB+drFLZkQoRRYae5A==
  dependencies:
    nanoid "^3.3.7"
    picocolors "^1.0.0"
    source-map-js "^1.2.0"

rollup@^4.13.0:
  version "4.18.0"
  resolved "https://registry.npmjs.org/rollup/-/rollup-4.18.0.tgz#497f60f0c5308e4602cf41136339fbf87d5f5dda"
  integrity sha512-QmJz14PX3rzbJCN1SG4Xe/bAAX2a6NpCP8ab2vfu2GiUr8AQcr2nCV/oEO3yneFarB67zk8ShlIyWb2LGTb3Sg==
  dependencies:
    "@types/estree" "1.0.5"
  optionalDependencies:
    "@rollup/rollup-android-arm-eabi" "4.18.0"
    "@rollup/rollup-android-arm64" "4.18.0"
    "@rollup/rollup-darwin-arm64" "4.18.0"
    "@rollup/rollup-darwin-x64" "4.18.0"
    "@rollup/rollup-linux-arm-gnueabihf" "4.18.0"
    "@rollup/rollup-linux-arm-musleabihf" "4.18.0"
    "@rollup/rollup-linux-arm64-gnu" "4.18.0"
    "@rollup/rollup-linux-arm64-musl" "4.18.0"
    "@rollup/rollup-linux-powerpc64le-gnu" "4.18.0"
    "@rollup/rollup-linux-riscv64-gnu" "4.18.0"
    "@rollup/rollup-linux-s390x-gnu" "4.18.0"
    "@rollup/rollup-linux-x64-gnu" "4.18.0"
    "@rollup/rollup-linux-x64-musl" "4.18.0"
    "@rollup/rollup-win32-arm64-msvc" "4.18.0"
    "@rollup/rollup-win32-ia32-msvc" "4.18.0"
    "@rollup/rollup-win32-x64-msvc" "4.18.0"
    fsevents "~2.3.2"

source-map-js@^1.2.0:
  version "1.2.0"
  resolved "https://registry.npmjs.org/source-map-js/-/source-map-js-1.2.0.tgz#16b809c162517b5b8c3e7dcd315a2a5c2612b2af"
  integrity sha512-itJW8lvSA0TXEphiRoawsCksnlf8SyvmFzIhltqAHluXd88pkCd+cXJVHTDwdCr0IzwptSm035IHQktUu1QUMg==

tslib@^2.6.2:
  version "2.6.2"
  resolved "https://registry.npmjs.org/tslib/-/tslib-2.6.2.tgz#703ac29425e7b37cd6fd456e92404d46d1f3e4ae"
  integrity sha512-AEYxH93jGFPn/a2iVAwW87VuUIkR1FVUKB77NwMF7nBTDkDrrT/Hpt/IrCJ0QXhW27jTBDcf5ZY7w6RiqTMw2Q==

typescript@^5.2.2:
  version "5.4.5"
  resolved "https://registry.npmjs.org/typescript/-/typescript-5.4.5.tgz#42ccef2c571fdbd0f6718b1d1f5e6e5ef006f611"
  integrity sha512-vcI4UpRgg81oIRUFwR0WSIHKt11nJ7SAVlYNIu+QpqeyXP+gpQJy/Z4+F0aGxSE4MqwjyXvW/TzgkLAx2AGHwQ==

vite@^5.2.0:
  version "5.2.11"
  resolved "https://registry.npmjs.org/vite/-/vite-5.2.11.tgz#726ec05555431735853417c3c0bfb36003ca0cbd"
  integrity sha512-HndV31LWW05i1BLPMUCE1B9E9GFbOu1MbenhS58FuK6owSO5qHm7GiCotrNY1YE5rMeQSFBGmT5ZaLEjFizgiQ==
  dependencies:
    esbuild "^0.20.1"
    postcss "^8.4.38"
    rollup "^4.13.0"
  optionalDependencies:
    fsevents "~2.3.3"
